
Microsoft Visual Studio Solution File, Format Version 12.00
# Visual Studio Version 17
VisualStudioVersion = 17.3.32922.545
MinimumVisualStudioVersion = 10.0.40219.1
Project("{FAE04EC0-301F-11D3-BF4B-00C04F79EFBC}") = "PatronStrategy", "PatronStrategy.csproj", "{F5E8904E-0C33-4E60-AE1F-5ED6626F8641}"
EndProject
Global
	GlobalSection(SolutionConfigurationPlatforms) = preSolution
		Debug|Any CPU = Debug|Any CPU
		Release|Any CPU = Release|Any CPU
	EndGlobalSection
	GlobalSection(ProjectConfigurationPlatforms) = postSolution
		{F5E8904E-0C33-4E60-AE1F-5ED6626F8641}.Debug|Any CPU.ActiveCfg = Debug|Any CPU
		{F5E8904E-0C33-4E60-AE1F-5ED6626F8641}.Debug|Any CPU.Build.0 = Debug|Any CPU
		{F5E8904E-0C33-4E60-AE1F-5ED6626F8641}.Release|Any CPU.ActiveCfg = Release|Any CPU
		{F5E8904E-0C33-4E60-AE1F-5ED6626F8641}.Release|Any CPU.Build.0 = Release|Any CPU
	EndGlobalSection
	GlobalSection(SolutionProperties) = preSolution
		HideSolutionNode = FALSE
	EndGlobalSection
	GlobalSection(ExtensibilityGlobals) = postSolution
		SolutionGuid = {8242DD9E-9CC0-46D3-BBF7-630C367677E7}
	EndGlobalSection
EndGlobal
